
Microsoft Visual Studio Solution File, Format Version 12.00
# Visual Studio 14
VisualStudioVersion = 14.0.23107.0
MinimumVisualStudioVersion = 10.0.40219.1
Project("{FAE04EC0-301F-11D3-BF4B-00C04F79EFBC}") = "HimyEnterPrise", "HimyEnterPrise\HimyEnterPrise.csproj", "{18ADC196-419C-418C-B567-CEC78481C8D5}"
EndProject
Project("{FAE04EC0-301F-11D3-BF4B-00C04F79EFBC}") = "Himy", "Himy\Himy.csproj", "{9F3932B7-911A-4345-8B03-15DC60F50028}"
EndProject
Global
	GlobalSection(SolutionConfigurationPlatforms) = preSolution
		Debug|Any CPU = Debug|Any CPU
		Release|Any CPU = Release|Any CPU
	EndGlobalSection
	GlobalSection(ProjectConfigurationPlatforms) = postSolution
		{18ADC196-419C-418C-B567-CEC78481C8D5}.Debug|Any CPU.ActiveCfg = Debug|Any CPU
		{18ADC196-419C-418C-B567-CEC78481C8D5}.Debug|Any CPU.Build.0 = Debug|Any CPU
		{18ADC196-419C-418C-B567-CEC78481C8D5}.Release|Any CPU.ActiveCfg = Release|Any CPU
		{18ADC196-419C-418C-B567-CEC78481C8D5}.Release|Any CPU.Build.0 = Release|Any CPU
		{9F3932B7-911A-4345-8B03-15DC60F50028}.Debug|Any CPU.ActiveCfg = Debug|Any CPU
		{9F3932B7-911A-4345-8B03-15DC60F50028}.Debug|Any CPU.Build.0 = Debug|Any CPU
		{9F3932B7-911A-4345-8B03-15DC60F50028}.Release|Any CPU.ActiveCfg = Release|Any CPU
		{9F3932B7-911A-4345-8B03-15DC60F50028}.Release|Any CPU.Build.0 = Release|Any CPU
	EndGlobalSection
	GlobalSection(SolutionProperties) = preSolution
		HideSolutionNode = FALSE
	EndGlobalSection
	GlobalSection(TeamFoundationVersionControl) = preSolution
		SccNumberOfProjects = 3
		SccEnterpriseProvider = {4CA58AB2-18FA-4F8D-95D4-32DDF27D184C}
		SccTeamFoundationServer = https://tsukishita.visualstudio.com/
		SccLocalPath0 = .
		SccProjectUniqueName1 = HimyEnterPrise\\HimyEnterPrise.csproj
		SccProjectName1 = HimyEnterPrise
		SccLocalPath1 = HimyEnterPrise
		SccProjectUniqueName2 = Himy\\Himy.csproj
		SccProjectName2 = Himy
		SccLocalPath2 = Himy
	EndGlobalSection
EndGlobal
